
Microsoft Visual Studio Solution File, Format Version 12.00
# Visual Studio Version 16
VisualStudioVersion = 16.0.29215.179
MinimumVisualStudioVersion = 10.0.40219.1
Project("{9A19103F-16F7-4668-BE54-9A1E7A4F7556}") = "Demo001_Connections", "Demo001_Connections\Demo001_Connections.csproj", "{880E3369-3C2C-4A9E-BD2B-879853BEE575}"
EndProject
Project("{9A19103F-16F7-4668-BE54-9A1E7A4F7556}") = "Demo002_SequenceAndAcks", "Demo002_SequenceAndAcks\Demo002_SequenceAndAcks.csproj", "{11D38D5B-E0C1-4DF0-A007-70D15EB1BB55}"
EndProject
Global
	GlobalSection(SolutionConfigurationPlatforms) = preSolution
		Debug|Any CPU = Debug|Any CPU
		Release|Any CPU = Release|Any CPU
	EndGlobalSection
	GlobalSection(ProjectConfigurationPlatforms) = postSolution
		{880E3369-3C2C-4A9E-BD2B-879853BEE575}.Debug|Any CPU.ActiveCfg = Debug|Any CPU
		{880E3369-3C2C-4A9E-BD2B-879853BEE575}.Debug|Any CPU.Build.0 = Debug|Any CPU
		{880E3369-3C2C-4A9E-BD2B-879853BEE575}.Release|Any CPU.ActiveCfg = Release|Any CPU
		{880E3369-3C2C-4A9E-BD2B-879853BEE575}.Release|Any CPU.Build.0 = Release|Any CPU
		{11D38D5B-E0C1-4DF0-A007-70D15EB1BB55}.Debug|Any CPU.ActiveCfg = Debug|Any CPU
		{11D38D5B-E0C1-4DF0-A007-70D15EB1BB55}.Debug|Any CPU.Build.0 = Debug|Any CPU
		{11D38D5B-E0C1-4DF0-A007-70D15EB1BB55}.Release|Any CPU.ActiveCfg = Release|Any CPU
		{11D38D5B-E0C1-4DF0-A007-70D15EB1BB55}.Release|Any CPU.Build.0 = Release|Any CPU
	EndGlobalSection
	GlobalSection(SolutionProperties) = preSolution
		HideSolutionNode = FALSE
	EndGlobalSection
	GlobalSection(ExtensibilityGlobals) = postSolution
		SolutionGuid = {A3702C18-9A7C-4FD2-8EF7-CE6058296A84}
	EndGlobalSection
EndGlobal
